
Microsoft Visual Studio Solution File, Format Version 12.00
# Visual Studio Version 16
VisualStudioVersion = 16.0.32929.386
MinimumVisualStudioVersion = 10.0.40219.1
Project("{FAE04EC0-301F-11D3-BF4B-00C04F79EFBC}") = "Counting", "Counting\Counting.csproj", "{09F47FA9-0E35-4BFF-B9E1-3C6818ADBBC6}"
EndProject
Global
	GlobalSection(SolutionConfigurationPlatforms) = preSolution
		Debug|Any CPU = Debug|Any CPU
		Release|Any CPU = Release|Any CPU
	EndGlobalSection
	GlobalSection(ProjectConfigurationPlatforms) = postSolution
		{09F47FA9-0E35-4BFF-B9E1-3C6818ADBBC6}.Debug|Any CPU.ActiveCfg = Debug|Any CPU
		{09F47FA9-0E35-4BFF-B9E1-3C6818ADBBC6}.Debug|Any CPU.Build.0 = Debug|Any CPU
		{09F47FA9-0E35-4BFF-B9E1-3C6818ADBBC6}.Release|Any CPU.ActiveCfg = Release|Any CPU
		{09F47FA9-0E35-4BFF-B9E1-3C6818ADBBC6}.Release|Any CPU.Build.0 = Release|Any CPU
	EndGlobalSection
	GlobalSection(SolutionProperties) = preSolution
		HideSolutionNode = FALSE
	EndGlobalSection
	GlobalSection(ExtensibilityGlobals) = postSolution
		SolutionGuid = {1E8D2EEF-7C81-49B3-A7AC-D92774A36DEB}
	EndGlobalSection
EndGlobal
