
Microsoft Visual Studio Solution File, Format Version 12.00
# Visual Studio Version 16
VisualStudioVersion = 16.0.32929.386
MinimumVisualStudioVersion = 10.0.40219.1
Project("{FAE04EC0-301F-11D3-BF4B-00C04F79EFBC}") = "DapperDemo", "Dapper Demo\DapperDemo.csproj", "{C004C2FA-1661-49FD-B93A-35EE233320B1}"
EndProject
Global
	GlobalSection(SolutionConfigurationPlatforms) = preSolution
		Debug|Any CPU = Debug|Any CPU
		Release|Any CPU = Release|Any CPU
	EndGlobalSection
	GlobalSection(ProjectConfigurationPlatforms) = postSolution
		{C004C2FA-1661-49FD-B93A-35EE233320B1}.Debug|Any CPU.ActiveCfg = Debug|Any CPU
		{C004C2FA-1661-49FD-B93A-35EE233320B1}.Debug|Any CPU.Build.0 = Debug|Any CPU
		{C004C2FA-1661-49FD-B93A-35EE233320B1}.Release|Any CPU.ActiveCfg = Release|Any CPU
		{C004C2FA-1661-49FD-B93A-35EE233320B1}.Release|Any CPU.Build.0 = Release|Any CPU
	EndGlobalSection
	GlobalSection(SolutionProperties) = preSolution
		HideSolutionNode = FALSE
	EndGlobalSection
	GlobalSection(ExtensibilityGlobals) = postSolution
		SolutionGuid = {5BC46500-1924-41CD-9355-3B8E39317546}
	EndGlobalSection
EndGlobal
