
Microsoft Visual Studio Solution File, Format Version 12.00
# Visual Studio Version 16
VisualStudioVersion = 16.0.32929.386
MinimumVisualStudioVersion = 10.0.40219.1
Project("{FAE04EC0-301F-11D3-BF4B-00C04F79EFBC}") = "MySite", "MySite\MySite.csproj", "{5B925092-B133-47AF-A6B9-185E83EA6A0F}"
EndProject
Global
	GlobalSection(SolutionConfigurationPlatforms) = preSolution
		Debug|Any CPU = Debug|Any CPU
		Release|Any CPU = Release|Any CPU
	EndGlobalSection
	GlobalSection(ProjectConfigurationPlatforms) = postSolution
		{5B925092-B133-47AF-A6B9-185E83EA6A0F}.Debug|Any CPU.ActiveCfg = Debug|Any CPU
		{5B925092-B133-47AF-A6B9-185E83EA6A0F}.Debug|Any CPU.Build.0 = Debug|Any CPU
		{5B925092-B133-47AF-A6B9-185E83EA6A0F}.Release|Any CPU.ActiveCfg = Release|Any CPU
		{5B925092-B133-47AF-A6B9-185E83EA6A0F}.Release|Any CPU.Build.0 = Release|Any CPU
	EndGlobalSection
	GlobalSection(SolutionProperties) = preSolution
		HideSolutionNode = FALSE
	EndGlobalSection
	GlobalSection(ExtensibilityGlobals) = postSolution
		SolutionGuid = {3A55C038-4CD6-42C4-A69E-D52FC272EC28}
	EndGlobalSection
EndGlobal
