
Microsoft Visual Studio Solution File, Format Version 12.00
# Visual Studio Version 16
VisualStudioVersion = 16.0.32413.511
MinimumVisualStudioVersion = 10.0.40219.1
Project("{FAE04EC0-301F-11D3-BF4B-00C04F79EFBC}") = "Kud.FirstApp", "Kud.FirstApp.csproj", "{F41206FC-4CEA-4C68-94C5-41C987F53C90}"
EndProject
Global
	GlobalSection(SolutionConfigurationPlatforms) = preSolution
		Debug|Any CPU = Debug|Any CPU
		Release|Any CPU = Release|Any CPU
	EndGlobalSection
	GlobalSection(ProjectConfigurationPlatforms) = postSolution
		{F41206FC-4CEA-4C68-94C5-41C987F53C90}.Debug|Any CPU.ActiveCfg = Debug|Any CPU
		{F41206FC-4CEA-4C68-94C5-41C987F53C90}.Debug|Any CPU.Build.0 = Debug|Any CPU
		{F41206FC-4CEA-4C68-94C5-41C987F53C90}.Release|Any CPU.ActiveCfg = Release|Any CPU
		{F41206FC-4CEA-4C68-94C5-41C987F53C90}.Release|Any CPU.Build.0 = Release|Any CPU
	EndGlobalSection
	GlobalSection(SolutionProperties) = preSolution
		HideSolutionNode = FALSE
	EndGlobalSection
	GlobalSection(ExtensibilityGlobals) = postSolution
		SolutionGuid = {78EF243D-245B-4AC4-8830-70FBB94D3F2C}
	EndGlobalSection
EndGlobal
