
Microsoft Visual Studio Solution File, Format Version 12.00
# Visual Studio Version 16
VisualStudioVersion = 16.0.32929.386
MinimumVisualStudioVersion = 10.0.40219.1
Project("{FAE04EC0-301F-11D3-BF4B-00C04F79EFBC}") = "PickRandomCards", "PickRandomCards\PickRandomCards.csproj", "{A0BBB81F-B2BC-4BF4-A5C9-CF95817D260F}"
EndProject
Global
	GlobalSection(SolutionConfigurationPlatforms) = preSolution
		Debug|Any CPU = Debug|Any CPU
		Release|Any CPU = Release|Any CPU
	EndGlobalSection
	GlobalSection(ProjectConfigurationPlatforms) = postSolution
		{A0BBB81F-B2BC-4BF4-A5C9-CF95817D260F}.Debug|Any CPU.ActiveCfg = Debug|Any CPU
		{A0BBB81F-B2BC-4BF4-A5C9-CF95817D260F}.Debug|Any CPU.Build.0 = Debug|Any CPU
		{A0BBB81F-B2BC-4BF4-A5C9-CF95817D260F}.Release|Any CPU.ActiveCfg = Release|Any CPU
		{A0BBB81F-B2BC-4BF4-A5C9-CF95817D260F}.Release|Any CPU.Build.0 = Release|Any CPU
	EndGlobalSection
	GlobalSection(SolutionProperties) = preSolution
		HideSolutionNode = FALSE
	EndGlobalSection
	GlobalSection(ExtensibilityGlobals) = postSolution
		SolutionGuid = {DAF5B636-4201-4D0E-9176-A22853FF6207}
	EndGlobalSection
EndGlobal
